
Microsoft Visual Studio Solution File, Format Version 12.00
# Visual Studio Version 16
VisualStudioVersion = 16.0.30320.27
MinimumVisualStudioVersion = 10.0.40219.1
Project("{FAE04EC0-301F-11D3-BF4B-00C04F79EFBC}") = "Blazor.BizHub.WasmVideo.SignalRServer.Server", "Server\Blazor.BizHub.WasmVideo.SignalRServer.Server.csproj", "{DF69F93C-158E-463E-91DC-46C3338B67A5}"
EndProject
Project("{FAE04EC0-301F-11D3-BF4B-00C04F79EFBC}") = "Blazor.BizHub.WasmVideo.SignalRServer.Client", "Client\Blazor.BizHub.WasmVideo.SignalRServer.Client.csproj", "{BEC2E836-AF16-4049-90ED-96EE0C003A72}"
EndProject
Project("{FAE04EC0-301F-11D3-BF4B-00C04F79EFBC}") = "Blazor.BizHub.WasmVideo.SignalRServer.Shared", "Shared\Blazor.BizHub.WasmVideo.SignalRServer.Shared.csproj", "{2F424563-1EDF-402E-A77C-D4E93B34D7FD}"
EndProject
Global
	GlobalSection(SolutionConfigurationPlatforms) = preSolution
		Debug|Any CPU = Debug|Any CPU
		Release|Any CPU = Release|Any CPU
	EndGlobalSection
	GlobalSection(ProjectConfigurationPlatforms) = postSolution
		{DF69F93C-158E-463E-91DC-46C3338B67A5}.Debug|Any CPU.ActiveCfg = Debug|Any CPU
		{DF69F93C-158E-463E-91DC-46C3338B67A5}.Debug|Any CPU.Build.0 = Debug|Any CPU
		{DF69F93C-158E-463E-91DC-46C3338B67A5}.Release|Any CPU.ActiveCfg = Release|Any CPU
		{DF69F93C-158E-463E-91DC-46C3338B67A5}.Release|Any CPU.Build.0 = Release|Any CPU
		{BEC2E836-AF16-4049-90ED-96EE0C003A72}.Debug|Any CPU.ActiveCfg = Debug|Any CPU
		{BEC2E836-AF16-4049-90ED-96EE0C003A72}.Debug|Any CPU.Build.0 = Debug|Any CPU
		{BEC2E836-AF16-4049-90ED-96EE0C003A72}.Release|Any CPU.ActiveCfg = Release|Any CPU
		{BEC2E836-AF16-4049-90ED-96EE0C003A72}.Release|Any CPU.Build.0 = Release|Any CPU
		{2F424563-1EDF-402E-A77C-D4E93B34D7FD}.Debug|Any CPU.ActiveCfg = Debug|Any CPU
		{2F424563-1EDF-402E-A77C-D4E93B34D7FD}.Debug|Any CPU.Build.0 = Debug|Any CPU
		{2F424563-1EDF-402E-A77C-D4E93B34D7FD}.Release|Any CPU.ActiveCfg = Release|Any CPU
		{2F424563-1EDF-402E-A77C-D4E93B34D7FD}.Release|Any CPU.Build.0 = Release|Any CPU
	EndGlobalSection
	GlobalSection(SolutionProperties) = preSolution
		HideSolutionNode = FALSE
	EndGlobalSection
	GlobalSection(ExtensibilityGlobals) = postSolution
		SolutionGuid = {4CFA1053-56E9-40CA-9303-A7060759BB12}
	EndGlobalSection
EndGlobal
